PODS:
  - AFNetworking (4.0.1):
    - AFNetworking/NSURLSession (= 4.0.1)
    - AFNetworking/Reachability (= 4.0.1)
    - AFNetworking/Security (= 4.0.1)
    - AFNetworking/Serialization (= 4.0.1)
    - AFNetworking/UIKit (= 4.0.1)
  - AFNetworking/NSURLSession (4.0.1):
    - AFNetworking/Reachability
    - AFNetworking/Security
    - AFNetworking/Serialization
  - AFNetworking/Reachability (4.0.1)
  - AFNetworking/Security (4.0.1)
  - AFNetworking/Serialization (4.0.1)
  - AFNetworking/UIKit (4.0.1):
    - AFNetworking/NSURLSession
  - Bugly (2.5.90)
  - Masonry (1.1.0)
  - MJExtension (3.4.1)
  - SVProgressHUD (2.2.5)
  - YYText (1.0.7)
  - ZegoExpressEngine/Audio (2.15.0)

DEPENDENCIES:
  - AFNetworking (~> 4.0.1)
  - Bugly (= 2.5.90)
  - Masonry (~> 1.1.0)
  - MJExtension (~> 3.4.1)
  - SVProgressHUD (~> 2.2.5)
  - YYText (~> 1.0.7)
  - ZegoExpressEngine/Audio (~> 2.15.0)

SPEC REPOS:
  trunk:
    - AFNetworking
    - Bugly
    - Masonry
    - MJExtension
    - SVProgressHUD
    - YYText
    - ZegoExpressEngine

SPEC CHECKSUMS:
  AFNetworking: 7864c38297c79aaca1500c33288e429c3451fdce
  Bugly: 88bc32c0acc6fef7b74d610f0319ee7560d6b9fe
  Masonry: 678fab65091a9290e40e2832a55e7ab731aad201
  MJExtension: 21c5f6f8c4d5d8844b7ae8fbae08fed0b501f961
  SVProgressHUD: 1428aafac632c1f86f62aa4243ec12008d7a51d6
  YYText: 5c461d709e24d55a182d1441c41dc639a18a4849
  ZegoExpressEngine: b3f8f173c5af47ee53caf29c6d62660118b63b97

PODFILE CHECKSUM: a53c97a350087a0ce59a5e3313b746049616246e

COCOAPODS: 1.10.2
