PODS:
  - AFNetworking (4.0.1):
    - AFNetworking/NSURLSession (= 4.0.1)
    - AFNetworking/Reachability (= 4.0.1)
    - AFNetworking/Security (= 4.0.1)
    - AFNetworking/Serialization (= 4.0.1)
    - AFNetworking/UIKit (= 4.0.1)
  - AFNetworking/NSURLSession (4.0.1):
    - AFNetworking/Reachability
    - AFNetworking/Security
    - AFNetworking/Serialization
  - AFNetworking/Reachability (4.0.1)
  - AFNetworking/Security (4.0.1)
  - AFNetworking/Serialization (4.0.1)
  - AFNetworking/UIKit (4.0.1):
    - AFNetworking/NSURLSession
  - Masonry (1.1.0)
  - MJExtension (3.4.1)
  - SVProgressHUD (2.2.5)
  - ZegoExpressEngine/Audio (2.15.0)

DEPENDENCIES:
  - AFNetworking (~> 4.0.1)
  - Masonry (~> 1.1.0)
  - MJExtension (~> 3.4.1)
  - SVProgressHUD (~> 2.2.5)
  - ZegoExpressEngine/Audio (~> 2.15.0)

SPEC REPOS:
  trunk:
    - AFNetworking
    - Masonry
    - MJExtension
    - SVProgressHUD
    - ZegoExpressEngine

SPEC CHECKSUMS:
  AFNetworking: 7864c38297c79aaca1500c33288e429c3451fdce
  Masonry: 678fab65091a9290e40e2832a55e7ab731aad201
  MJExtension: 21c5f6f8c4d5d8844b7ae8fbae08fed0b501f961
  SVProgressHUD: 1428aafac632c1f86f62aa4243ec12008d7a51d6
  ZegoExpressEngine: b3f8f173c5af47ee53caf29c6d62660118b63b97

PODFILE CHECKSUM: c212496bb9a999277371a14495342109e251d996

COCOAPODS: 1.11.2
