PODS:
  - AFNetworking (4.0.1):
    - AFNetworking/NSURLSession (= 4.0.1)
    - AFNetworking/Reachability (= 4.0.1)
    - AFNetworking/Security (= 4.0.1)
    - AFNetworking/Serialization (= 4.0.1)
    - AFNetworking/UIKit (= 4.0.1)
  - AFNetworking/NSURLSession (4.0.1):
    - AFNetworking/Reachability
    - AFNetworking/Security
    - AFNetworking/Serialization
  - AFNetworking/Reachability (4.0.1)
  - AFNetworking/Security (4.0.1)
  - AFNetworking/Serialization (4.0.1)
  - AFNetworking/UIKit (4.0.1):
    - AFNetworking/NSURLSession
  - AgoraRtcEngine_iOS (4.2.6):
    - AgoraRtcEngine_iOS/AIAEC (= 4.2.6)
    - AgoraRtcEngine_iOS/AINS (= 4.2.6)
    - AgoraRtcEngine_iOS/AudioBeauty (= 4.2.6)
    - AgoraRtcEngine_iOS/ClearVision (= 4.2.6)
    - AgoraRtcEngine_iOS/ContentInspect (= 4.2.6)
    - AgoraRtcEngine_iOS/DRM (= 4.2.6)
    - AgoraRtcEngine_iOS/FaceDetection (= 4.2.6)
    - AgoraRtcEngine_iOS/ReplayKit (= 4.2.6)
    - AgoraRtcEngine_iOS/RtcBasic (= 4.2.6)
    - AgoraRtcEngine_iOS/SpatialAudio (= 4.2.6)
    - AgoraRtcEngine_iOS/VideoCodecDec (= 4.2.6)
    - AgoraRtcEngine_iOS/VideoCodecEnc (= 4.2.6)
    - AgoraRtcEngine_iOS/VirtualBackground (= 4.2.6)
    - AgoraRtcEngine_iOS/VQA (= 4.2.6)
  - AgoraRtcEngine_iOS/AIAEC (4.2.6)
  - AgoraRtcEngine_iOS/AINS (4.2.6)
  - AgoraRtcEngine_iOS/AudioBeauty (4.2.6)
  - AgoraRtcEngine_iOS/ClearVision (4.2.6)
  - AgoraRtcEngine_iOS/ContentInspect (4.2.6)
  - AgoraRtcEngine_iOS/DRM (4.2.6)
  - AgoraRtcEngine_iOS/FaceDetection (4.2.6)
  - AgoraRtcEngine_iOS/ReplayKit (4.2.6)
  - AgoraRtcEngine_iOS/RtcBasic (4.2.6)
  - AgoraRtcEngine_iOS/SpatialAudio (4.2.6)
  - AgoraRtcEngine_iOS/VideoCodecDec (4.2.6)
  - AgoraRtcEngine_iOS/VideoCodecEnc (4.2.6)
  - AgoraRtcEngine_iOS/VirtualBackground (4.2.6)
  - AgoraRtcEngine_iOS/VQA (4.2.6)
  - AgoraRtm_iOS (2.2.1)
  - BDAlphaPlayer (1.2.2)
  - Bugly (2.5.90)
  - CocoaLumberjack (3.8.0):
    - CocoaLumberjack/Core (= 3.8.0)
  - CocoaLumberjack/Core (3.8.0)
  - IQKeyboardManager (6.5.11)
  - JXCategoryView (1.5.9)
  - libwebp (1.2.4):
    - libwebp/demux (= 1.2.4)
    - libwebp/mux (= 1.2.4)
    - libwebp/webp (= 1.2.4)
  - libwebp/demux (1.2.4):
    - libwebp/webp
  - libwebp/mux (1.2.4):
    - libwebp/demux
  - libwebp/webp (1.2.4)
  - lottie-ios (2.5.3)
  - MarqueeLabel (4.3.0)
  - Masonry (1.1.0)
  - MicrosoftCognitiveServicesSpeech-iOS (1.40.0)
  - MJExtension (3.4.1)
  - MJRefresh (3.7.5)
  - NERtcSDK (4.6.50):
    - NERtcSDK/AiDenoise (= 4.6.50)
    - NERtcSDK/AiHowling (= 4.6.50)
    - NERtcSDK/Beauty (= 4.6.50)
    - NERtcSDK/FaceDetect (= 4.6.50)
    - NERtcSDK/RtcBasic (= 4.6.50)
    - NERtcSDK/ScreenShare (= 4.6.50)
    - NERtcSDK/Segment (= 4.6.50)
    - NMCBasicModule (>= 1.9.0)
  - NERtcSDK/AiDenoise (4.6.50):
    - NMCBasicModule (>= 1.9.0)
  - NERtcSDK/AiHowling (4.6.50):
    - NMCBasicModule (>= 1.9.0)
  - NERtcSDK/Beauty (4.6.50):
    - NMCBasicModule (>= 1.9.0)
  - NERtcSDK/FaceDetect (4.6.50):
    - NMCBasicModule (>= 1.9.0)
  - NERtcSDK/RtcBasic (4.6.50):
    - NMCBasicModule (>= 1.9.0)
  - NERtcSDK/ScreenShare (4.6.50):
    - NMCBasicModule (>= 1.9.0)
  - NERtcSDK/Segment (4.6.50):
    - NMCBasicModule (>= 1.9.0)
  - NIMSDK_LITE (9.0.1)
  - NMCBasicModule (2.0.0)
  - Protobuf (3.22.3)
  - RCSceneLog (0.0.1.2)
  - RCVoiceRoomLib (2.0.9.1):
    - RCSceneLog
    - RongCloudIM/IMLib
    - RongCloudRTC/RongRTCLib
  - RongCloudIM/ChatRoom (5.4.1.100):
    - RongCloudIM/IMLibCore
  - RongCloudIM/CustomerService (5.4.1.100):
    - RongCloudIM/IMLibCore
  - RongCloudIM/Discussion (5.4.1.100):
    - RongCloudIM/IMLibCore
  - RongCloudIM/IMLib (5.4.1.100):
    - RongCloudIM/ChatRoom
    - RongCloudIM/CustomerService
    - RongCloudIM/Discussion
    - RongCloudIM/IMLibCore
    - RongCloudIM/PublicService
  - RongCloudIM/IMLibCore (5.4.1.100)
  - RongCloudIM/PublicService (5.4.1.100):
    - RongCloudIM/IMLibCore
  - RongCloudRTC/RongRTCLib (5.4.1):
    - RongCloudIM/IMLibCore (>= 5.4.1)
  - SDWebImage (5.12.2):
    - SDWebImage/Core (= 5.12.2)
  - SDWebImage/Core (5.12.2)
  - SDWebImageSVGKitPlugin (1.4.0):
    - SDWebImage/Core (~> 5.10)
    - SVGKit (~> 3.0)
  - SDWebImageWebPCoder (0.8.5):
    - libwebp (~> 1.0)
    - SDWebImage/Core (~> 5.10)
  - SSZipArchive (2.4.3)
  - SudMGPWrapper (1.4.0):
    - SudMGPWrapper/SudMGPWrapper (= 1.4.0)
  - SudMGPWrapper/SudMGPWrapper (1.4.0):
    - MJExtension (~> 3.4.1)
  - SudNFT (1.0.4)
  - SVGAPlayer (2.5.6):
    - SVGAPlayer/Core (= 2.5.6)
    - SVGAPlayer/ProtoFiles (= 2.5.6)
  - SVGAPlayer/Core (2.5.6):
    - SSZipArchive (>= 1.8.1)
    - SVGAPlayer/ProtoFiles
  - SVGAPlayer/ProtoFiles (2.5.6):
    - Protobuf (~> 3.4)
  - SVGKit (3.0.0):
    - CocoaLumberjack (~> 3.0)
  - SVProgressHUD (2.2.5)
  - TXLiteAVSDK_TRTC (10.2.11418):
    - TXLiteAVSDK_TRTC/TRTC (= 10.2.11418)
  - TXLiteAVSDK_TRTC/TRTC (10.2.11418)
  - VolcEngineRTC (3.37.101):
    - VolcEngineRTC/Core (= 3.37.101)
  - VolcEngineRTC/Core (3.37.101)
  - YYText (1.0.9)
  - ZegoExpressEngine (2.17.1.1):
    - ZegoExpressEngine/Video (= 2.17.1.1)
  - ZegoExpressEngine/Video (2.17.1.1)
  - ZIM (2.4.2)

DEPENDENCIES:
  - AFNetworking (~> 4.0.1)
  - AgoraRtcEngine_iOS (= 4.2.6)
  - AgoraRtm_iOS (= 2.2.1)
  - BDAlphaPlayer (~> 1.2.0)
  - Bugly (= 2.5.90)
  - CocoaLumberjack
  - IQKeyboardManager (~> 6.5.9)
  - JXCategoryView (~> 1.5.9)
  - lottie-ios (~> 2.5.3)
  - MarqueeLabel
  - Masonry (~> 1.1.0)
  - MicrosoftCognitiveServicesSpeech-iOS (= 1.40.0)
  - MJExtension (~> 3.4.1)
  - MJRefresh (= 3.7.5)
  - NERtcSDK (~> 4.6.0)
  - NIMSDK_LITE (= 9.0.1)
  - RCVoiceRoomLib (~> 2.0.7)
  - SDWebImage (= 5.12.2)
  - SDWebImageSVGKitPlugin (= 1.4.0)
  - SDWebImageWebPCoder
  - SudMGPWrapper (from `../../`)
  - SudNFT (= 1.0.4)
  - SVGAPlayer (from `https://github.com/svga/SVGAPlayer-iOS.git`, tag `2.5.6`)
  - SVProgressHUD (~> 2.2.5)
  - TXLiteAVSDK_TRTC (= 10.2.11418)
  - VolcEngineRTC (= 3.37.101)
  - YYText (from `https://github.com/kaniel520/YYText.git`, tag `1.0.9`)
  - ZegoExpressEngine (= 2.17.1.1)
  - ZIM (= 2.4.2)

SPEC REPOS:
  https://github.com/volcengine/volcengine-specs.git:
    - VolcEngineRTC
  trunk:
    - AFNetworking
    - AgoraRtcEngine_iOS
    - AgoraRtm_iOS
    - BDAlphaPlayer
    - Bugly
    - CocoaLumberjack
    - IQKeyboardManager
    - JXCategoryView
    - libwebp
    - lottie-ios
    - MarqueeLabel
    - Masonry
    - MicrosoftCognitiveServicesSpeech-iOS
    - MJExtension
    - MJRefresh
    - NERtcSDK
    - NIMSDK_LITE
    - NMCBasicModule
    - Protobuf
    - RCSceneLog
    - RCVoiceRoomLib
    - RongCloudIM
    - RongCloudRTC
    - SDWebImage
    - SDWebImageSVGKitPlugin
    - SDWebImageWebPCoder
    - SSZipArchive
    - SudNFT
    - SVGKit
    - SVProgressHUD
    - TXLiteAVSDK_TRTC
    - ZegoExpressEngine
    - ZIM

EXTERNAL SOURCES:
  SudMGPWrapper:
    :path: "../../"
  SVGAPlayer:
    :git: https://github.com/svga/SVGAPlayer-iOS.git
    :tag: 2.5.6
  YYText:
    :git: https://github.com/kaniel520/YYText.git
    :tag: 1.0.9

CHECKOUT OPTIONS:
  SVGAPlayer:
    :git: https://github.com/svga/SVGAPlayer-iOS.git
    :tag: 2.5.6
  YYText:
    :git: https://github.com/kaniel520/YYText.git
    :tag: 1.0.9

SPEC CHECKSUMS:
  AFNetworking: 3bd23d814e976cd148d7d44c3ab78017b744cd58
  AgoraRtcEngine_iOS: ac647332ad8f86d79cf810601c9e62b28c3a4de0
  AgoraRtm_iOS: 80131d7bde5d24152621e1c656ffcfa39bdcba6c
  BDAlphaPlayer: 3b31756760ea37b9710bfb36a18b431ad05f6da7
  Bugly: 88bc32c0acc6fef7b74d610f0319ee7560d6b9fe
  CocoaLumberjack: 78abfb691154e2a9df8ded4350d504ee19d90732
  IQKeyboardManager: ef43ce1ba1e5aaf4adf222c0a46f39761f246879
  JXCategoryView: 2ef9ecfd3735158d009ce02d1f29811aa822da65
  libwebp: f62cb61d0a484ba548448a4bd52aabf150ff6eef
  lottie-ios: a50d5c0160425cd4b01b852bb9578963e6d92d31
  MarqueeLabel: 02f5ac8fd6877c94564556cb93fa86c70c08baeb
  Masonry: 678fab65091a9290e40e2832a55e7ab731aad201
  MicrosoftCognitiveServicesSpeech-iOS: 27edbb898c00da13b63a6e73e910d4ced8d54791
  MJExtension: 21c5f6f8c4d5d8844b7ae8fbae08fed0b501f961
  MJRefresh: fdf5e979eb406a0341468932d1dfc8b7f9fce961
  NERtcSDK: 4a123939a87d7d1382c9de30e33a63facf904710
  NIMSDK_LITE: c376a3f90c1cd79d9cca39fbdeb6a718e99e244a
  NMCBasicModule: 1ba35e839f95e93c4f4df12c3271104937290aef
  Protobuf: d03938d5f7e974a97964fb0567771e36fbe9ecce
  RCSceneLog: c38de10f8ccd4aa65eb9ac7c0a5c6b2042e7579e
  RCVoiceRoomLib: 07ca7d08114856b610598abb21648cfdd82c457a
  RongCloudIM: 5d6e76151b4f25a34c1212b9af843beab4b16e5d
  RongCloudRTC: e6221359d261bd2cb82a5a1309607302a3722443
  SDWebImage: 240e5c12b592fb1268c1d03b8c90d90e8c2ffe82
  SDWebImageSVGKitPlugin: 7542dd07c344ec3415ded0461a1161a6f087e0c9
  SDWebImageWebPCoder: 908b83b6adda48effe7667cd2b7f78c897e5111d
  SSZipArchive: fe6a26b2a54d5a0890f2567b5cc6de5caa600aef
  SudMGPWrapper: f8e503daabd185833dae5ebd4bc7925ee6bab68d
  SudNFT: efa7ec483a2d6e5c5a8e1dda5f8d6578b97ddf9c
  SVGAPlayer: f3b3792ae66f7cb3f944ae373a40864db9a04331
  SVGKit: 1ad7513f8c74d9652f94ed64ddecda1a23864dea
  SVProgressHUD: 1428aafac632c1f86f62aa4243ec12008d7a51d6
  TXLiteAVSDK_TRTC: a653d0195b9519222b6ff8a6329d7c942aeb1a62
  VolcEngineRTC: 6db475579381dd86105092ef7cc8100eb8db3345
  YYText: 3ca7b42c083989328295d69e3a0ce0b0293f0a6a
  ZegoExpressEngine: 718bfb624f56b10ac06705f18f8aba4ab12a4ade
  ZIM: 8dd5f80f38f51f1ea20057b1848e49dd20d3ff1e

PODFILE CHECKSUM: 8fe1cf2f69356f62009dfd753f3bd361ee79c6a6

COCOAPODS: 1.14.3
