// !$*UTF8*$!
{
	archiveVersion = 1;
	classes = {
	};
	objectVersion = 55;
	objects = {

/* Begin PBXBuildFile section */
		039A9E35E1FA57CD18D2423F /* Pods_HelloSud_iOS.framework in Frameworks */ = {isa = PBXBuildFile; fileRef = 573BC4D24C1A23B3C154A334 /* Pods_HelloSud_iOS.framework */; };
		44DF03822796A981006EE6AC /* MediaAudioEngine.m in Sources */ = {isa = PBXBuildFile; fileRef = 44DF03802796A981006EE6AC /* MediaAudioEngine.m */; };
		44DF03892796AB9C006EE6AC /* GameSudManager.m in Sources */ = {isa = PBXBuildFile; fileRef = 44DF03882796AB9C006EE6AC /* GameSudManager.m */; };
		44DF038D2796ADCD006EE6AC /* SudMGP.xcframework in Frameworks */ = {isa = PBXBuildFile; fileRef = 44DF038B2796ADC6006EE6AC /* SudMGP.xcframework */; };
		44DF038E2796ADCD006EE6AC /* SudMGP.xcframework in Embed Frameworks */ = {isa = PBXBuildFile; fileRef = 44DF038B2796ADC6006EE6AC /* SudMGP.xcframework */; settings = {ATTRIBUTES = (CodeSignOnCopy, RemoveHeadersOnCopy, ); }; };
		44DF03982796B2C5006EE6AC /* AppUtil.m in Sources */ = {isa = PBXBuildFile; fileRef = 44DF03972796B2C5006EE6AC /* AppUtil.m */; };
		44DF039C2796B70B006EE6AC /* GameViewInfoModel.m in Sources */ = {isa = PBXBuildFile; fileRef = 44DF039B2796B70B006EE6AC /* GameViewInfoModel.m */; };
		44DF039F2797B62B006EE6AC /* GamePublicMsgModel.m in Sources */ = {isa = PBXBuildFile; fileRef = 44DF039E2797B62B006EE6AC /* GamePublicMsgModel.m */; };
		44DF03A22797E467006EE6AC /* GameKeyWordHitModel.m in Sources */ = {isa = PBXBuildFile; fileRef = 44DF03A12797E467006EE6AC /* GameKeyWordHitModel.m */; };
		44DF03A52797E6FC006EE6AC /* GamePlayerStateModel.m in Sources */ = {isa = PBXBuildFile; fileRef = 44DF03A42797E6FC006EE6AC /* GamePlayerStateModel.m */; };
		44DF03AE2797F124006EE6AC /* FsmAppToMgManager.m in Sources */ = {isa = PBXBuildFile; fileRef = 44DF03AD2797F124006EE6AC /* FsmAppToMgManager.m */; };
		6C192E4D279523B000553034 /* AppDelegate.m in Sources */ = {isa = PBXBuildFile; fileRef = 6C192E4C279523B000553034 /* AppDelegate.m */; };
		6C192E50279523B000553034 /* SceneDelegate.m in Sources */ = {isa = PBXBuildFile; fileRef = 6C192E4F279523B000553034 /* SceneDelegate.m */; };
		6C192E53279523B000553034 /* ViewController.m in Sources */ = {isa = PBXBuildFile; fileRef = 6C192E52279523B000553034 /* ViewController.m */; };
		6C192E56279523B000553034 /* Main.storyboard in Resources */ = {isa = PBXBuildFile; fileRef = 6C192E54279523B000553034 /* Main.storyboard */; };
		6C192E58279523B100553034 /* Assets.xcassets in Resources */ = {isa = PBXBuildFile; fileRef = 6C192E57279523B100553034 /* Assets.xcassets */; };
		6C192E5B279523B100553034 /* LaunchScreen.storyboard in Resources */ = {isa = PBXBuildFile; fileRef = 6C192E59279523B100553034 /* LaunchScreen.storyboard */; };
		6C192E5E279523B100553034 /* main.m in Sources */ = {isa = PBXBuildFile; fileRef = 6C192E5D279523B100553034 /* main.m */; };
/* End PBXBuildFile section */

/* Begin PBXCopyFilesBuildPhase section */
		44DF038F2796ADCD006EE6AC /* Embed Frameworks */ = {
			isa = PBXCopyFilesBuildPhase;
			buildActionMask = 2147483647;
			dstPath = "";
			dstSubfolderSpec = 10;
			files = (
				44DF038E2796ADCD006EE6AC /* SudMGP.xcframework in Embed Frameworks */,
			);
			name = "Embed Frameworks";
			runOnlyForDeploymentPostprocessing = 0;
		};
/* End PBXCopyFilesBuildPhase section */

/* Begin PBXFileReference section */
		44DF03802796A981006EE6AC /* MediaAudioEngine.m */ = {isa = PBXFileReference; fileEncoding = 4; lastKnownFileType = sourcecode.c.objc; path = MediaAudioEngine.m; sourceTree = "<group>"; };
		44DF03812796A981006EE6AC /* MediaAudioEngine.h */ = {isa = PBXFileReference; fileEncoding = 4; lastKnownFileType = sourcecode.c.h; path = MediaAudioEngine.h; sourceTree = "<group>"; };
		44DF03862796AB4C006EE6AC /* GameConfig.h */ = {isa = PBXFileReference; lastKnownFileType = sourcecode.c.h; path = GameConfig.h; sourceTree = "<group>"; };
		44DF03872796AB9C006EE6AC /* GameSudManager.h */ = {isa = PBXFileReference; lastKnownFileType = sourcecode.c.h; path = GameSudManager.h; sourceTree = "<group>"; };
		44DF03882796AB9C006EE6AC /* GameSudManager.m */ = {isa = PBXFileReference; lastKnownFileType = sourcecode.c.objc; path = GameSudManager.m; sourceTree = "<group>"; };
		44DF038B2796ADC6006EE6AC /* SudMGP.xcframework */ = {isa = PBXFileReference; lastKnownFileType = wrapper.xcframework; path = SudMGP.xcframework; sourceTree = "<group>"; };
		44DF03962796B2C5006EE6AC /* AppUtil.h */ = {isa = PBXFileReference; lastKnownFileType = sourcecode.c.h; path = AppUtil.h; sourceTree = "<group>"; };
		44DF03972796B2C5006EE6AC /* AppUtil.m */ = {isa = PBXFileReference; lastKnownFileType = sourcecode.c.objc; path = AppUtil.m; sourceTree = "<group>"; };
		44DF039A2796B70B006EE6AC /* GameViewInfoModel.h */ = {isa = PBXFileReference; lastKnownFileType = sourcecode.c.h; path = GameViewInfoModel.h; sourceTree = "<group>"; };
		44DF039B2796B70B006EE6AC /* GameViewInfoModel.m */ = {isa = PBXFileReference; lastKnownFileType = sourcecode.c.objc; path = GameViewInfoModel.m; sourceTree = "<group>"; };
		44DF039D2797B62B006EE6AC /* GamePublicMsgModel.h */ = {isa = PBXFileReference; lastKnownFileType = sourcecode.c.h; path = GamePublicMsgModel.h; sourceTree = "<group>"; };
		44DF039E2797B62B006EE6AC /* GamePublicMsgModel.m */ = {isa = PBXFileReference; lastKnownFileType = sourcecode.c.objc; path = GamePublicMsgModel.m; sourceTree = "<group>"; };
		44DF03A02797E467006EE6AC /* GameKeyWordHitModel.h */ = {isa = PBXFileReference; lastKnownFileType = sourcecode.c.h; path = GameKeyWordHitModel.h; sourceTree = "<group>"; };
		44DF03A12797E467006EE6AC /* GameKeyWordHitModel.m */ = {isa = PBXFileReference; lastKnownFileType = sourcecode.c.objc; path = GameKeyWordHitModel.m; sourceTree = "<group>"; };
		44DF03A32797E6FC006EE6AC /* GamePlayerStateModel.h */ = {isa = PBXFileReference; lastKnownFileType = sourcecode.c.h; path = GamePlayerStateModel.h; sourceTree = "<group>"; };
		44DF03A42797E6FC006EE6AC /* GamePlayerStateModel.m */ = {isa = PBXFileReference; lastKnownFileType = sourcecode.c.objc; path = GamePlayerStateModel.m; sourceTree = "<group>"; };
		44DF03AC2797F124006EE6AC /* FsmAppToMgManager.h */ = {isa = PBXFileReference; lastKnownFileType = sourcecode.c.h; path = FsmAppToMgManager.h; sourceTree = "<group>"; };
		44DF03AD2797F124006EE6AC /* FsmAppToMgManager.m */ = {isa = PBXFileReference; lastKnownFileType = sourcecode.c.objc; path = FsmAppToMgManager.m; sourceTree = "<group>"; };
		4ECE4F17A4D5B79583AC3051 /* Pods-HelloSud-iOS.release.xcconfig */ = {isa = PBXFileReference; includeInIndex = 1; lastKnownFileType = text.xcconfig; name = "Pods-HelloSud-iOS.release.xcconfig"; path = "Target Support Files/Pods-HelloSud-iOS/Pods-HelloSud-iOS.release.xcconfig"; sourceTree = "<group>"; };
		573BC4D24C1A23B3C154A334 /* Pods_HelloSud_iOS.framework */ = {isa = PBXFileReference; explicitFileType = wrapper.framework; includeInIndex = 0; path = Pods_HelloSud_iOS.framework; sourceTree = BUILT_PRODUCTS_DIR; };
		6C192E48279523B000553034 /* HelloSud-iOS.app */ = {isa = PBXFileReference; explicitFileType = wrapper.application; includeInIndex = 0; path = "HelloSud-iOS.app"; sourceTree = BUILT_PRODUCTS_DIR; };
		6C192E4B279523B000553034 /* AppDelegate.h */ = {isa = PBXFileReference; lastKnownFileType = sourcecode.c.h; path = AppDelegate.h; sourceTree = "<group>"; };
		6C192E4C279523B000553034 /* AppDelegate.m */ = {isa = PBXFileReference; lastKnownFileType = sourcecode.c.objc; path = AppDelegate.m; sourceTree = "<group>"; };
		6C192E4E279523B000553034 /* SceneDelegate.h */ = {isa = PBXFileReference; lastKnownFileType = sourcecode.c.h; path = SceneDelegate.h; sourceTree = "<group>"; };
		6C192E4F279523B000553034 /* SceneDelegate.m */ = {isa = PBXFileReference; lastKnownFileType = sourcecode.c.objc; path = SceneDelegate.m; sourceTree = "<group>"; };
		6C192E51279523B000553034 /* ViewController.h */ = {isa = PBXFileReference; lastKnownFileType = sourcecode.c.h; path = ViewController.h; sourceTree = "<group>"; };
		6C192E52279523B000553034 /* ViewController.m */ = {isa = PBXFileReference; lastKnownFileType = sourcecode.c.objc; path = ViewController.m; sourceTree = "<group>"; };
		6C192E55279523B000553034 /* Base */ = {isa = PBXFileReference; lastKnownFileType = file.storyboard; name = Base; path = Base.lproj/Main.storyboard; sourceTree = "<group>"; };
		6C192E57279523B100553034 /* Assets.xcassets */ = {isa = PBXFileReference; lastKnownFileType = folder.assetcatalog; path = Assets.xcassets; sourceTree = "<group>"; };
		6C192E5A279523B100553034 /* Base */ = {isa = PBXFileReference; lastKnownFileType = file.storyboard; name = Base; path = Base.lproj/LaunchScreen.storyboard; sourceTree = "<group>"; };
		6C192E5C279523B100553034 /* Info.plist */ = {isa = PBXFileReference; lastKnownFileType = text.plist.xml; path = Info.plist; sourceTree = "<group>"; };
		6C192E5D279523B100553034 /* main.m */ = {isa = PBXFileReference; lastKnownFileType = sourcecode.c.objc; path = main.m; sourceTree = "<group>"; };
		8469DECA466E49043668F768 /* Pods-HelloSud-iOS.debug.xcconfig */ = {isa = PBXFileReference; includeInIndex = 1; lastKnownFileType = text.xcconfig; name = "Pods-HelloSud-iOS.debug.xcconfig"; path = "Target Support Files/Pods-HelloSud-iOS/Pods-HelloSud-iOS.debug.xcconfig"; sourceTree = "<group>"; };
/* End PBXFileReference section */

/* Begin PBXFrameworksBuildPhase section */
		6C192E45279523B000553034 /* Frameworks */ = {
			isa = PBXFrameworksBuildPhase;
			buildActionMask = 2147483647;
			files = (
				039A9E35E1FA57CD18D2423F /* Pods_HelloSud_iOS.framework in Frameworks */,
				44DF038D2796ADCD006EE6AC /* SudMGP.xcframework in Frameworks */,
			);
			runOnlyForDeploymentPostprocessing = 0;
		};
/* End PBXFrameworksBuildPhase section */

/* Begin PBXGroup section */
		44DF037E2796A981006EE6AC /* Middle */ = {
			isa = PBXGroup;
			children = (
				44DF03842796A9EF006EE6AC /* Games */,
				44DF03832796A9AA006EE6AC /* VideoEngine */,
				44DF037F2796A981006EE6AC /* AudioEngine */,
			);
			path = Middle;
			sourceTree = "<group>";
		};
		44DF037F2796A981006EE6AC /* AudioEngine */ = {
			isa = PBXGroup;
			children = (
				44DF03802796A981006EE6AC /* MediaAudioEngine.m */,
				44DF03812796A981006EE6AC /* MediaAudioEngine.h */,
			);
			path = AudioEngine;
			sourceTree = "<group>";
		};
		44DF03832796A9AA006EE6AC /* VideoEngine */ = {
			isa = PBXGroup;
			children = (
			);
			path = VideoEngine;
			sourceTree = "<group>";
		};
		44DF03842796A9EF006EE6AC /* Games */ = {
			isa = PBXGroup;
			children = (
				44DF03992796B6E3006EE6AC /* Model */,
				44DF038A2796ADC6006EE6AC /* SudMGPSDK */,
				44DF03862796AB4C006EE6AC /* GameConfig.h */,
				44DF03872796AB9C006EE6AC /* GameSudManager.h */,
				44DF03882796AB9C006EE6AC /* GameSudManager.m */,
				44DF03AC2797F124006EE6AC /* FsmAppToMgManager.h */,
				44DF03AD2797F124006EE6AC /* FsmAppToMgManager.m */,
			);
			path = Games;
			sourceTree = "<group>";
		};
		44DF038A2796ADC6006EE6AC /* SudMGPSDK */ = {
			isa = PBXGroup;
			children = (
				44DF038B2796ADC6006EE6AC /* SudMGP.xcframework */,
			);
			path = SudMGPSDK;
			sourceTree = "<group>";
		};
		44DF03902796B22C006EE6AC /* Common */ = {
			isa = PBXGroup;
			children = (
				44DF03912796B22C006EE6AC /* Utils */,
				44DF03922796B22C006EE6AC /* Views */,
			);
			path = Common;
			sourceTree = "<group>";
		};
		44DF03912796B22C006EE6AC /* Utils */ = {
			isa = PBXGroup;
			children = (
				44DF03962796B2C5006EE6AC /* AppUtil.h */,
				44DF03972796B2C5006EE6AC /* AppUtil.m */,
			);
			path = Utils;
			sourceTree = "<group>";
		};
		44DF03922796B22C006EE6AC /* Views */ = {
			isa = PBXGroup;
			children = (
			);
			path = Views;
			sourceTree = "<group>";
		};
		44DF03992796B6E3006EE6AC /* Model */ = {
			isa = PBXGroup;
			children = (
				44DF039A2796B70B006EE6AC /* GameViewInfoModel.h */,
				44DF039B2796B70B006EE6AC /* GameViewInfoModel.m */,
				44DF039D2797B62B006EE6AC /* GamePublicMsgModel.h */,
				44DF039E2797B62B006EE6AC /* GamePublicMsgModel.m */,
				44DF03A02797E467006EE6AC /* GameKeyWordHitModel.h */,
				44DF03A12797E467006EE6AC /* GameKeyWordHitModel.m */,
				44DF03A32797E6FC006EE6AC /* GamePlayerStateModel.h */,
				44DF03A42797E6FC006EE6AC /* GamePlayerStateModel.m */,
			);
			path = Model;
			sourceTree = "<group>";
		};
		6C192E3F279523B000553034 = {
			isa = PBXGroup;
			children = (
				44DF03902796B22C006EE6AC /* Common */,
				44DF037E2796A981006EE6AC /* Middle */,
				6C192E6F27965A7500553034 /* Home */,
				6C192E4A279523B000553034 /* HelloSud-iOS */,
				6C192E49279523B000553034 /* Products */,
				EC6357AE0D30A512FB9D49C4 /* Pods */,
				E65466148933C05BB06C9A97 /* Frameworks */,
			);
			sourceTree = "<group>";
		};
		6C192E49279523B000553034 /* Products */ = {
			isa = PBXGroup;
			children = (
				6C192E48279523B000553034 /* HelloSud-iOS.app */,
			);
			name = Products;
			sourceTree = "<group>";
		};
		6C192E4A279523B000553034 /* HelloSud-iOS */ = {
			isa = PBXGroup;
			children = (
				6C192E4B279523B000553034 /* AppDelegate.h */,
				6C192E4C279523B000553034 /* AppDelegate.m */,
				6C192E4E279523B000553034 /* SceneDelegate.h */,
				6C192E4F279523B000553034 /* SceneDelegate.m */,
				6C192E51279523B000553034 /* ViewController.h */,
				6C192E52279523B000553034 /* ViewController.m */,
				6C192E54279523B000553034 /* Main.storyboard */,
				6C192E57279523B100553034 /* Assets.xcassets */,
				6C192E59279523B100553034 /* LaunchScreen.storyboard */,
				6C192E5C279523B100553034 /* Info.plist */,
				6C192E5D279523B100553034 /* main.m */,
			);
			path = "HelloSud-iOS";
			sourceTree = "<group>";
		};
		6C192E6F27965A7500553034 /* Home */ = {
			isa = PBXGroup;
			children = (
			);
			path = Home;
			sourceTree = "<group>";
		};
		E65466148933C05BB06C9A97 /* Frameworks */ = {
			isa = PBXGroup;
			children = (
				573BC4D24C1A23B3C154A334 /* Pods_HelloSud_iOS.framework */,
			);
			name = Frameworks;
			sourceTree = "<group>";
		};
		EC6357AE0D30A512FB9D49C4 /* Pods */ = {
			isa = PBXGroup;
			children = (
				8469DECA466E49043668F768 /* Pods-HelloSud-iOS.debug.xcconfig */,
				4ECE4F17A4D5B79583AC3051 /* Pods-HelloSud-iOS.release.xcconfig */,
			);
			path = Pods;
			sourceTree = "<group>";
		};
/* End PBXGroup section */

/* Begin PBXNativeTarget section */
		6C192E47279523B000553034 /* HelloSud-iOS */ = {
			isa = PBXNativeTarget;
			buildConfigurationList = 6C192E61279523B100553034 /* Build configuration list for PBXNativeTarget "HelloSud-iOS" */;
			buildPhases = (
				D23D6C32901616787A057FFD /* [CP] Check Pods Manifest.lock */,
				6C192E44279523B000553034 /* Sources */,
				6C192E45279523B000553034 /* Frameworks */,
				6C192E46279523B000553034 /* Resources */,
				1057205B42502B672EE74406 /* [CP] Embed Pods Frameworks */,
				44DF038F2796ADCD006EE6AC /* Embed Frameworks */,
			);
			buildRules = (
			);
			dependencies = (
			);
			name = "HelloSud-iOS";
			productName = HelloSud;
			productReference = 6C192E48279523B000553034 /* HelloSud-iOS.app */;
			productType = "com.apple.product-type.application";
		};
/* End PBXNativeTarget section */

/* Begin PBXProject section */
		6C192E40279523B000553034 /* Project object */ = {
			isa = PBXProject;
			attributes = {
				BuildIndependentTargetsInParallel = 1;
				LastUpgradeCheck = 1310;
				TargetAttributes = {
					6C192E47279523B000553034 = {
						CreatedOnToolsVersion = 13.1;
					};
				};
			};
			buildConfigurationList = 6C192E43279523B000553034 /* Build configuration list for PBXProject "HelloSud-iOS" */;
			compatibilityVersion = "Xcode 13.0";
			developmentRegion = en;
			hasScannedForEncodings = 0;
			knownRegions = (
				en,
				Base,
			);
			mainGroup = 6C192E3F279523B000553034;
			productRefGroup = 6C192E49279523B000553034 /* Products */;
			projectDirPath = "";
			projectRoot = "";
			targets = (
				6C192E47279523B000553034 /* HelloSud-iOS */,
			);
		};
/* End PBXProject section */

/* Begin PBXResourcesBuildPhase section */
		6C192E46279523B000553034 /* Resources */ = {
			isa = PBXResourcesBuildPhase;
			buildActionMask = 2147483647;
			files = (
				6C192E5B279523B100553034 /* LaunchScreen.storyboard in Resources */,
				6C192E58279523B100553034 /* Assets.xcassets in Resources */,
				6C192E56279523B000553034 /* Main.storyboard in Resources */,
			);
			runOnlyForDeploymentPostprocessing = 0;
		};
/* End PBXResourcesBuildPhase section */

/* Begin PBXShellScriptBuildPhase section */
		1057205B42502B672EE74406 /* [CP] Embed Pods Frameworks */ = {
			isa = PBXShellScriptBuildPhase;
			buildActionMask = 2147483647;
			files = (
			);
			inputFileListPaths = (
				"${PODS_ROOT}/Target Support Files/Pods-HelloSud-iOS/Pods-HelloSud-iOS-frameworks-${CONFIGURATION}-input-files.xcfilelist",
			);
			name = "[CP] Embed Pods Frameworks";
			outputFileListPaths = (
				"${PODS_ROOT}/Target Support Files/Pods-HelloSud-iOS/Pods-HelloSud-iOS-frameworks-${CONFIGURATION}-output-files.xcfilelist",
			);
			runOnlyForDeploymentPostprocessing = 0;
			shellPath = /bin/sh;
			shellScript = "\"${PODS_ROOT}/Target Support Files/Pods-HelloSud-iOS/Pods-HelloSud-iOS-frameworks.sh\"\n";
			showEnvVarsInLog = 0;
		};
		D23D6C32901616787A057FFD /* [CP] Check Pods Manifest.lock */ = {
			isa = PBXShellScriptBuildPhase;
			buildActionMask = 2147483647;
			files = (
			);
			inputFileListPaths = (
			);
			inputPaths = (
				"${PODS_PODFILE_DIR_PATH}/Podfile.lock",
				"${PODS_ROOT}/Manifest.lock",
			);
			name = "[CP] Check Pods Manifest.lock";
			outputFileListPaths = (
			);
			outputPaths = (
				"$(DERIVED_FILE_DIR)/Pods-HelloSud-iOS-checkManifestLockResult.txt",
			);
			runOnlyForDeploymentPostprocessing = 0;
			shellPath = /bin/sh;
			shellScript = "diff \"${PODS_PODFILE_DIR_PATH}/Podfile.lock\" \"${PODS_ROOT}/Manifest.lock\" > /dev/null\nif [ $? != 0 ] ; then\n    # print error to STDERR\n    echo \"error: The sandbox is not in sync with the Podfile.lock. Run 'pod install' or update your CocoaPods installation.\" >&2\n    exit 1\nfi\n# This output is used by Xcode 'outputs' to avoid re-running this script phase.\necho \"SUCCESS\" > \"${SCRIPT_OUTPUT_FILE_0}\"\n";
			showEnvVarsInLog = 0;
		};
/* End PBXShellScriptBuildPhase section */

/* Begin PBXSourcesBuildPhase section */
		6C192E44279523B000553034 /* Sources */ = {
			isa = PBXSourcesBuildPhase;
			buildActionMask = 2147483647;
			files = (
				44DF03A52797E6FC006EE6AC /* GamePlayerStateModel.m in Sources */,
				44DF039C2796B70B006EE6AC /* GameViewInfoModel.m in Sources */,
				44DF03892796AB9C006EE6AC /* GameSudManager.m in Sources */,
				6C192E53279523B000553034 /* ViewController.m in Sources */,
				44DF03982796B2C5006EE6AC /* AppUtil.m in Sources */,
				6C192E4D279523B000553034 /* AppDelegate.m in Sources */,
				44DF03822796A981006EE6AC /* MediaAudioEngine.m in Sources */,
				44DF039F2797B62B006EE6AC /* GamePublicMsgModel.m in Sources */,
				6C192E5E279523B100553034 /* main.m in Sources */,
				6C192E50279523B000553034 /* SceneDelegate.m in Sources */,
				44DF03A22797E467006EE6AC /* GameKeyWordHitModel.m in Sources */,
				44DF03AE2797F124006EE6AC /* FsmAppToMgManager.m in Sources */,
			);
			runOnlyForDeploymentPostprocessing = 0;
		};
/* End PBXSourcesBuildPhase section */

/* Begin PBXVariantGroup section */
		6C192E54279523B000553034 /* Main.storyboard */ = {
			isa = PBXVariantGroup;
			children = (
				6C192E55279523B000553034 /* Base */,
			);
			name = Main.storyboard;
			sourceTree = "<group>";
		};
		6C192E59279523B100553034 /* LaunchScreen.storyboard */ = {
			isa = PBXVariantGroup;
			children = (
				6C192E5A279523B100553034 /* Base */,
			);
			name = LaunchScreen.storyboard;
			sourceTree = "<group>";
		};
/* End PBXVariantGroup section */

/* Begin XCBuildConfiguration section */
		6C192E5F279523B100553034 /* Debug */ = {
			isa = XCBuildConfiguration;
			buildSettings = {
				ALWAYS_SEARCH_USER_PATHS = NO;
				CLANG_ANALYZER_NONNULL = YES;
				CLANG_ANALYZER_NUMBER_OBJECT_CONVERSION = YES_AGGRESSIVE;
				CLANG_CXX_LANGUAGE_STANDARD = "gnu++17";
				CLANG_CXX_LIBRARY = "libc++";
				CLANG_ENABLE_MODULES = YES;
				CLANG_ENABLE_OBJC_ARC = YES;
				CLANG_ENABLE_OBJC_WEAK = YES;
				CLANG_WARN_BLOCK_CAPTURE_AUTORELEASING = YES;
				CLANG_WARN_BOOL_CONVERSION = YES;
				CLANG_WARN_COMMA = YES;
				CLANG_WARN_CONSTANT_CONVERSION = YES;
				CLANG_WARN_DEPRECATED_OBJC_IMPLEMENTATIONS = YES;
				CLANG_WARN_DIRECT_OBJC_ISA_USAGE = YES_ERROR;
				CLANG_WARN_DOCUMENTATION_COMMENTS = YES;
				CLANG_WARN_EMPTY_BODY = YES;
				CLANG_WARN_ENUM_CONVERSION = YES;
				CLANG_WARN_INFINITE_RECURSION = YES;
				CLANG_WARN_INT_CONVERSION = YES;
				CLANG_WARN_NON_LITERAL_NULL_CONVERSION = YES;
				CLANG_WARN_OBJC_IMPLICIT_RETAIN_SELF = YES;
				CLANG_WARN_OBJC_LITERAL_CONVERSION = YES;
				CLANG_WARN_OBJC_ROOT_CLASS = YES_ERROR;
				CLANG_WARN_QUOTED_INCLUDE_IN_FRAMEWORK_HEADER = YES;
				CLANG_WARN_RANGE_LOOP_ANALYSIS = YES;
				CLANG_WARN_STRICT_PROTOTYPES = YES;
				CLANG_WARN_SUSPICIOUS_MOVE = YES;
				CLANG_WARN_UNGUARDED_AVAILABILITY = YES_AGGRESSIVE;
				CLANG_WARN_UNREACHABLE_CODE = YES;
				CLANG_WARN__DUPLICATE_METHOD_MATCH = YES;
				COPY_PHASE_STRIP = NO;
				DEBUG_INFORMATION_FORMAT = dwarf;
				ENABLE_STRICT_OBJC_MSGSEND = YES;
				ENABLE_TESTABILITY = YES;
				GCC_C_LANGUAGE_STANDARD = gnu11;
				GCC_DYNAMIC_NO_PIC = NO;
				GCC_NO_COMMON_BLOCKS = YES;
				GCC_OPTIMIZATION_LEVEL = 0;
				GCC_PREPROCESSOR_DEFINITIONS = (
					"DEBUG=1",
					"$(inherited)",
				);
				GCC_WARN_64_TO_32_BIT_CONVERSION = YES;
				GCC_WARN_ABOUT_RETURN_TYPE = YES_ERROR;
				GCC_WARN_UNDECLARED_SELECTOR = YES;
				GCC_WARN_UNINITIALIZED_AUTOS = YES_AGGRESSIVE;
				GCC_WARN_UNUSED_FUNCTION = YES;
				GCC_WARN_UNUSED_VARIABLE = YES;
				IPHONEOS_DEPLOYMENT_TARGET = 9.0;
				MTL_ENABLE_DEBUG_INFO = INCLUDE_SOURCE;
				MTL_FAST_MATH = YES;
				ONLY_ACTIVE_ARCH = YES;
				SDKROOT = iphoneos;
			};
			name = Debug;
		};
		6C192E60279523B100553034 /* Release */ = {
			isa = XCBuildConfiguration;
			buildSettings = {
				ALWAYS_SEARCH_USER_PATHS = NO;
				CLANG_ANALYZER_NONNULL = YES;
				CLANG_ANALYZER_NUMBER_OBJECT_CONVERSION = YES_AGGRESSIVE;
				CLANG_CXX_LANGUAGE_STANDARD = "gnu++17";
				CLANG_CXX_LIBRARY = "libc++";
				CLANG_ENABLE_MODULES = YES;
				CLANG_ENABLE_OBJC_ARC = YES;
				CLANG_ENABLE_OBJC_WEAK = YES;
				CLANG_WARN_BLOCK_CAPTURE_AUTORELEASING = YES;
				CLANG_WARN_BOOL_CONVERSION = YES;
				CLANG_WARN_COMMA = YES;
				CLANG_WARN_CONSTANT_CONVERSION = YES;
				CLANG_WARN_DEPRECATED_OBJC_IMPLEMENTATIONS = YES;
				CLANG_WARN_DIRECT_OBJC_ISA_USAGE = YES_ERROR;
				CLANG_WARN_DOCUMENTATION_COMMENTS = YES;
				CLANG_WARN_EMPTY_BODY = YES;
				CLANG_WARN_ENUM_CONVERSION = YES;
				CLANG_WARN_INFINITE_RECURSION = YES;
				CLANG_WARN_INT_CONVERSION = YES;
				CLANG_WARN_NON_LITERAL_NULL_CONVERSION = YES;
				CLANG_WARN_OBJC_IMPLICIT_RETAIN_SELF = YES;
				CLANG_WARN_OBJC_LITERAL_CONVERSION = YES;
				CLANG_WARN_OBJC_ROOT_CLASS = YES_ERROR;
				CLANG_WARN_QUOTED_INCLUDE_IN_FRAMEWORK_HEADER = YES;
				CLANG_WARN_RANGE_LOOP_ANALYSIS = YES;
				CLANG_WARN_STRICT_PROTOTYPES = YES;
				CLANG_WARN_SUSPICIOUS_MOVE = YES;
				CLANG_WARN_UNGUARDED_AVAILABILITY = YES_AGGRESSIVE;
				CLANG_WARN_UNREACHABLE_CODE = YES;
				CLANG_WARN__DUPLICATE_METHOD_MATCH = YES;
				COPY_PHASE_STRIP = NO;
				DEBUG_INFORMATION_FORMAT = "dwarf-with-dsym";
				ENABLE_NS_ASSERTIONS = NO;
				ENABLE_STRICT_OBJC_MSGSEND = YES;
				GCC_C_LANGUAGE_STANDARD = gnu11;
				GCC_NO_COMMON_BLOCKS = YES;
				GCC_WARN_64_TO_32_BIT_CONVERSION = YES;
				GCC_WARN_ABOUT_RETURN_TYPE = YES_ERROR;
				GCC_WARN_UNDECLARED_SELECTOR = YES;
				GCC_WARN_UNINITIALIZED_AUTOS = YES_AGGRESSIVE;
				GCC_WARN_UNUSED_FUNCTION = YES;
				GCC_WARN_UNUSED_VARIABLE = YES;
				IPHONEOS_DEPLOYMENT_TARGET = 9.0;
				MTL_ENABLE_DEBUG_INFO = NO;
				MTL_FAST_MATH = YES;
				SDKROOT = iphoneos;
				VALIDATE_PRODUCT = YES;
			};
			name = Release;
		};
		6C192E62279523B100553034 /* Debug */ = {
			isa = XCBuildConfiguration;
			baseConfigurationReference = 8469DECA466E49043668F768 /* Pods-HelloSud-iOS.debug.xcconfig */;
			buildSettings = {
				ASSETCATALOG_COMPILER_APPICON_NAME = AppIcon;
				ASSETCATALOG_COMPILER_GLOBAL_ACCENT_COLOR_NAME = AccentColor;
				CODE_SIGN_STYLE = Automatic;
				CURRENT_PROJECT_VERSION = 1;
				DEVELOPMENT_TEAM = P6FVM63RW6;
				GENERATE_INFOPLIST_FILE = YES;
				INFOPLIST_FILE = "HelloSud-iOS/Info.plist";
				INFOPLIST_KEY_UIApplicationSupportsIndirectInputEvents = YES;
				INFOPLIST_KEY_UILaunchStoryboardName = LaunchScreen;
				INFOPLIST_KEY_UIMainStoryboardFile = Main;
				INFOPLIST_KEY_UISupportedInterfaceOrientations_iPad = "UIInterfaceOrientationPortrait UIInterfaceOrientationPortraitUpsideDown UIInterfaceOrientationLandscapeLeft UIInterfaceOrientationLandscapeRight";
				INFOPLIST_KEY_UISupportedInterfaceOrientations_iPhone = "UIInterfaceOrientationPortrait UIInterfaceOrientationLandscapeLeft UIInterfaceOrientationLandscapeRight";
				IPHONEOS_DEPLOYMENT_TARGET = 9.0;
				LD_RUNPATH_SEARCH_PATHS = (
					"$(inherited)",
					"@executable_path/Frameworks",
				);
				MARKETING_VERSION = 1.0;
				PRODUCT_BUNDLE_IDENTIFIER = DivToss.HelloSud;
				PRODUCT_NAME = "$(TARGET_NAME)";
				SWIFT_EMIT_LOC_STRINGS = YES;
				TARGETED_DEVICE_FAMILY = "1,2";
			};
			name = Debug;
		};
		6C192E63279523B100553034 /* Release */ = {
			isa = XCBuildConfiguration;
			baseConfigurationReference = 4ECE4F17A4D5B79583AC3051 /* Pods-HelloSud-iOS.release.xcconfig */;
			buildSettings = {
				ASSETCATALOG_COMPILER_APPICON_NAME = AppIcon;
				ASSETCATALOG_COMPILER_GLOBAL_ACCENT_COLOR_NAME = AccentColor;
				CODE_SIGN_STYLE = Automatic;
				CURRENT_PROJECT_VERSION = 1;
				DEVELOPMENT_TEAM = P6FVM63RW6;
				GENERATE_INFOPLIST_FILE = YES;
				INFOPLIST_FILE = "HelloSud-iOS/Info.plist";
				INFOPLIST_KEY_UIApplicationSupportsIndirectInputEvents = YES;
				INFOPLIST_KEY_UILaunchStoryboardName = LaunchScreen;
				INFOPLIST_KEY_UIMainStoryboardFile = Main;
				INFOPLIST_KEY_UISupportedInterfaceOrientations_iPad = "UIInterfaceOrientationPortrait UIInterfaceOrientationPortraitUpsideDown UIInterfaceOrientationLandscapeLeft UIInterfaceOrientationLandscapeRight";
				INFOPLIST_KEY_UISupportedInterfaceOrientations_iPhone = "UIInterfaceOrientationPortrait UIInterfaceOrientationLandscapeLeft UIInterfaceOrientationLandscapeRight";
				IPHONEOS_DEPLOYMENT_TARGET = 9.0;
				LD_RUNPATH_SEARCH_PATHS = (
					"$(inherited)",
					"@executable_path/Frameworks",
				);
				MARKETING_VERSION = 1.0;
				PRODUCT_BUNDLE_IDENTIFIER = DivToss.HelloSud;
				PRODUCT_NAME = "$(TARGET_NAME)";
				SWIFT_EMIT_LOC_STRINGS = YES;
				TARGETED_DEVICE_FAMILY = "1,2";
			};
			name = Release;
		};
/* End XCBuildConfiguration section */

/* Begin XCConfigurationList section */
		6C192E43279523B000553034 /* Build configuration list for PBXProject "HelloSud-iOS" */ = {
			isa = XCConfigurationList;
			buildConfigurations = (
				6C192E5F279523B100553034 /* Debug */,
				6C192E60279523B100553034 /* Release */,
			);
			defaultConfigurationIsVisible = 0;
			defaultConfigurationName = Release;
		};
		6C192E61279523B100553034 /* Build configuration list for PBXNativeTarget "HelloSud-iOS" */ = {
			isa = XCConfigurationList;
			buildConfigurations = (
				6C192E62279523B100553034 /* Debug */,
				6C192E63279523B100553034 /* Release */,
			);
			defaultConfigurationIsVisible = 0;
			defaultConfigurationName = Release;
		};
/* End XCConfigurationList section */
	};
	rootObject = 6C192E40279523B000553034 /* Project object */;
}
