// !$*UTF8*$!
{
	archiveVersion = 1;
	classes = {
	};
	objectVersion = 56;
	objects = {

/* Begin PBXBuildFile section */
		5DB36C935D3F41141A1314D4 /* Pods_QuickStartSwiftDemo.framework in Frameworks */ = {isa = PBXBuildFile; fileRef = 3D87C22DE9287C675AADCBDC /* Pods_QuickStartSwiftDemo.framework */; };
		6C0E61A12D5E03270006CD41 /* AppDelegate.swift in Sources */ = {isa = PBXBuildFile; fileRef = 6C0E61A02D5E03270006CD41 /* AppDelegate.swift */; };
		6C0E61A32D5E03270006CD41 /* SceneDelegate.swift in Sources */ = {isa = PBXBuildFile; fileRef = 6C0E61A22D5E03270006CD41 /* SceneDelegate.swift */; };
		6C0E61A52D5E03270006CD41 /* ViewController.swift in Sources */ = {isa = PBXBuildFile; fileRef = 6C0E61A42D5E03270006CD41 /* ViewController.swift */; };
		6C0E61A82D5E03270006CD41 /* Base in Resources */ = {isa = PBXBuildFile; fileRef = 6C0E61A72D5E03270006CD41 /* Base */; };
		6C0E61AA2D5E032A0006CD41 /* Assets.xcassets in Resources */ = {isa = PBXBuildFile; fileRef = 6C0E61A92D5E032A0006CD41 /* Assets.xcassets */; };
		6C0E61AD2D5E032A0006CD41 /* Base in Resources */ = {isa = PBXBuildFile; fileRef = 6C0E61AC2D5E032A0006CD41 /* Base */; };
		6C0E61BA2D5E05620006CD41 /* SudGameBaseEventHandler.m in Sources */ = {isa = PBXBuildFile; fileRef = 6C0E61B62D5E05620006CD41 /* SudGameBaseEventHandler.m */; };
		6C0E61BB2D5E05620006CD41 /* SudGameManager.m in Sources */ = {isa = PBXBuildFile; fileRef = 6C0E61B82D5E05620006CD41 /* SudGameManager.m */; };
		6C0E61C42D5E08B70006CD41 /* QuickStartSudGameEventHandler.swift in Sources */ = {isa = PBXBuildFile; fileRef = 6C0E61C32D5E08B70006CD41 /* QuickStartSudGameEventHandler.swift */; };
/* End PBXBuildFile section */

/* Begin PBXFileReference section */
		10B439028A88F408517C2BC8 /* Pods-QuickStartSwiftDemo.release.xcconfig */ = {isa = PBXFileReference; includeInIndex = 1; lastKnownFileType = text.xcconfig; name = "Pods-QuickStartSwiftDemo.release.xcconfig"; path = "Target Support Files/Pods-QuickStartSwiftDemo/Pods-QuickStartSwiftDemo.release.xcconfig"; sourceTree = "<group>"; };
		3D87C22DE9287C675AADCBDC /* Pods_QuickStartSwiftDemo.framework */ = {isa = PBXFileReference; explicitFileType = wrapper.framework; includeInIndex = 0; path = Pods_QuickStartSwiftDemo.framework; sourceTree = BUILT_PRODUCTS_DIR; };
		629ABEFD78E0B55BD150A05C /* Pods-QuickStartSwiftDemo.debug.xcconfig */ = {isa = PBXFileReference; includeInIndex = 1; lastKnownFileType = text.xcconfig; name = "Pods-QuickStartSwiftDemo.debug.xcconfig"; path = "Target Support Files/Pods-QuickStartSwiftDemo/Pods-QuickStartSwiftDemo.debug.xcconfig"; sourceTree = "<group>"; };
		6C0E619D2D5E03270006CD41 /* QuickStartSwiftDemo.app */ = {isa = PBXFileReference; explicitFileType = wrapper.application; includeInIndex = 0; path = QuickStartSwiftDemo.app; sourceTree = BUILT_PRODUCTS_DIR; };
		6C0E61A02D5E03270006CD41 /* AppDelegate.swift */ = {isa = PBXFileReference; lastKnownFileType = sourcecode.swift; path = AppDelegate.swift; sourceTree = "<group>"; };
		6C0E61A22D5E03270006CD41 /* SceneDelegate.swift */ = {isa = PBXFileReference; lastKnownFileType = sourcecode.swift; path = SceneDelegate.swift; sourceTree = "<group>"; };
		6C0E61A42D5E03270006CD41 /* ViewController.swift */ = {isa = PBXFileReference; lastKnownFileType = sourcecode.swift; path = ViewController.swift; sourceTree = "<group>"; };
		6C0E61A72D5E03270006CD41 /* Base */ = {isa = PBXFileReference; lastKnownFileType = file.storyboard; name = Base; path = Base.lproj/Main.storyboard; sourceTree = "<group>"; };
		6C0E61A92D5E032A0006CD41 /* Assets.xcassets */ = {isa = PBXFileReference; lastKnownFileType = folder.assetcatalog; path = Assets.xcassets; sourceTree = "<group>"; };
		6C0E61AC2D5E032A0006CD41 /* Base */ = {isa = PBXFileReference; lastKnownFileType = file.storyboard; name = Base; path = Base.lproj/LaunchScreen.storyboard; sourceTree = "<group>"; };
		6C0E61AE2D5E032A0006CD41 /* Info.plist */ = {isa = PBXFileReference; lastKnownFileType = text.plist.xml; path = Info.plist; sourceTree = "<group>"; };
		6C0E61B52D5E05620006CD41 /* SudGameBaseEventHandler.h */ = {isa = PBXFileReference; fileEncoding = 4; lastKnownFileType = sourcecode.c.h; path = SudGameBaseEventHandler.h; sourceTree = "<group>"; };
		6C0E61B62D5E05620006CD41 /* SudGameBaseEventHandler.m */ = {isa = PBXFileReference; fileEncoding = 4; lastKnownFileType = sourcecode.c.objc; path = SudGameBaseEventHandler.m; sourceTree = "<group>"; };
		6C0E61B72D5E05620006CD41 /* SudGameManager.h */ = {isa = PBXFileReference; fileEncoding = 4; lastKnownFileType = sourcecode.c.h; path = SudGameManager.h; sourceTree = "<group>"; };
		6C0E61B82D5E05620006CD41 /* SudGameManager.m */ = {isa = PBXFileReference; fileEncoding = 4; lastKnownFileType = sourcecode.c.objc; path = SudGameManager.m; sourceTree = "<group>"; };
		6C0E61C22D5E06E50006CD41 /* QuickStartSwiftDemo-Bridging-Header.h */ = {isa = PBXFileReference; lastKnownFileType = sourcecode.c.h; path = "QuickStartSwiftDemo-Bridging-Header.h"; sourceTree = "<group>"; };
		6C0E61C32D5E08B70006CD41 /* QuickStartSudGameEventHandler.swift */ = {isa = PBXFileReference; lastKnownFileType = sourcecode.swift; path = QuickStartSudGameEventHandler.swift; sourceTree = "<group>"; };
/* End PBXFileReference section */

/* Begin PBXFrameworksBuildPhase section */
		6C0E619A2D5E03270006CD41 /* Frameworks */ = {
			isa = PBXFrameworksBuildPhase;
			buildActionMask = 2147483647;
			files = (
				5DB36C935D3F41141A1314D4 /* Pods_QuickStartSwiftDemo.framework in Frameworks */,
			);
			runOnlyForDeploymentPostprocessing = 0;
		};
/* End PBXFrameworksBuildPhase section */

/* Begin PBXGroup section */
		2C7C6D723BBA359C68C2C125 /* Pods */ = {
			isa = PBXGroup;
			children = (
				629ABEFD78E0B55BD150A05C /* Pods-QuickStartSwiftDemo.debug.xcconfig */,
				10B439028A88F408517C2BC8 /* Pods-QuickStartSwiftDemo.release.xcconfig */,
			);
			path = Pods;
			sourceTree = "<group>";
		};
		6C0E61942D5E03270006CD41 = {
			isa = PBXGroup;
			children = (
				6C0E61B92D5E05620006CD41 /* SudGameHelper */,
				6C0E619F2D5E03270006CD41 /* QuickStartSwiftDemo */,
				6C0E619E2D5E03270006CD41 /* Products */,
				2C7C6D723BBA359C68C2C125 /* Pods */,
				E78F6FDE26F95FF6A257A02D /* Frameworks */,
			);
			sourceTree = "<group>";
		};
		6C0E619E2D5E03270006CD41 /* Products */ = {
			isa = PBXGroup;
			children = (
				6C0E619D2D5E03270006CD41 /* QuickStartSwiftDemo.app */,
			);
			name = Products;
			sourceTree = "<group>";
		};
		6C0E619F2D5E03270006CD41 /* QuickStartSwiftDemo */ = {
			isa = PBXGroup;
			children = (
				6C0E61A02D5E03270006CD41 /* AppDelegate.swift */,
				6C0E61A22D5E03270006CD41 /* SceneDelegate.swift */,
				6C0E61A42D5E03270006CD41 /* ViewController.swift */,
				6C0E61A62D5E03270006CD41 /* Main.storyboard */,
				6C0E61A92D5E032A0006CD41 /* Assets.xcassets */,
				6C0E61AB2D5E032A0006CD41 /* LaunchScreen.storyboard */,
				6C0E61AE2D5E032A0006CD41 /* Info.plist */,
				6C0E61C22D5E06E50006CD41 /* QuickStartSwiftDemo-Bridging-Header.h */,
				6C0E61C32D5E08B70006CD41 /* QuickStartSudGameEventHandler.swift */,
			);
			path = QuickStartSwiftDemo;
			sourceTree = "<group>";
		};
		6C0E61B92D5E05620006CD41 /* SudGameHelper */ = {
			isa = PBXGroup;
			children = (
				6C0E61B52D5E05620006CD41 /* SudGameBaseEventHandler.h */,
				6C0E61B62D5E05620006CD41 /* SudGameBaseEventHandler.m */,
				6C0E61B72D5E05620006CD41 /* SudGameManager.h */,
				6C0E61B82D5E05620006CD41 /* SudGameManager.m */,
			);
			name = SudGameHelper;
			path = ../../SudGameHelper;
			sourceTree = "<group>";
		};
		E78F6FDE26F95FF6A257A02D /* Frameworks */ = {
			isa = PBXGroup;
			children = (
				3D87C22DE9287C675AADCBDC /* Pods_QuickStartSwiftDemo.framework */,
			);
			name = Frameworks;
			sourceTree = "<group>";
		};
/* End PBXGroup section */

/* Begin PBXNativeTarget section */
		6C0E619C2D5E03270006CD41 /* QuickStartSwiftDemo */ = {
			isa = PBXNativeTarget;
			buildConfigurationList = 6C0E61B12D5E032A0006CD41 /* Build configuration list for PBXNativeTarget "QuickStartSwiftDemo" */;
			buildPhases = (
				A3B94DBD286131B91B6FDA01 /* [CP] Check Pods Manifest.lock */,
				6C0E61992D5E03270006CD41 /* Sources */,
				6C0E619A2D5E03270006CD41 /* Frameworks */,
				6C0E619B2D5E03270006CD41 /* Resources */,
				E6C535CA9AA31482D5F86A18 /* [CP] Embed Pods Frameworks */,
			);
			buildRules = (
			);
			dependencies = (
			);
			name = QuickStartSwiftDemo;
			productName = QuickStartSwiftDemo;
			productReference = 6C0E619D2D5E03270006CD41 /* QuickStartSwiftDemo.app */;
			productType = "com.apple.product-type.application";
		};
/* End PBXNativeTarget section */

/* Begin PBXProject section */
		6C0E61952D5E03270006CD41 /* Project object */ = {
			isa = PBXProject;
			attributes = {
				BuildIndependentTargetsInParallel = 1;
				LastSwiftUpdateCheck = 1540;
				LastUpgradeCheck = 1540;
				TargetAttributes = {
					6C0E619C2D5E03270006CD41 = {
						CreatedOnToolsVersion = 15.4;
					};
				};
			};
			buildConfigurationList = 6C0E61982D5E03270006CD41 /* Build configuration list for PBXProject "QuickStartSwiftDemo" */;
			compatibilityVersion = "Xcode 14.0";
			developmentRegion = en;
			hasScannedForEncodings = 0;
			knownRegions = (
				en,
				Base,
			);
			mainGroup = 6C0E61942D5E03270006CD41;
			productRefGroup = 6C0E619E2D5E03270006CD41 /* Products */;
			projectDirPath = "";
			projectRoot = "";
			targets = (
				6C0E619C2D5E03270006CD41 /* QuickStartSwiftDemo */,
			);
		};
/* End PBXProject section */

/* Begin PBXResourcesBuildPhase section */
		6C0E619B2D5E03270006CD41 /* Resources */ = {
			isa = PBXResourcesBuildPhase;
			buildActionMask = 2147483647;
			files = (
				6C0E61AA2D5E032A0006CD41 /* Assets.xcassets in Resources */,
				6C0E61AD2D5E032A0006CD41 /* Base in Resources */,
				6C0E61A82D5E03270006CD41 /* Base in Resources */,
			);
			runOnlyForDeploymentPostprocessing = 0;
		};
/* End PBXResourcesBuildPhase section */

/* Begin PBXShellScriptBuildPhase section */
		A3B94DBD286131B91B6FDA01 /* [CP] Check Pods Manifest.lock */ = {
			isa = PBXShellScriptBuildPhase;
			buildActionMask = 2147483647;
			files = (
			);
			inputFileListPaths = (
			);
			inputPaths = (
				"${PODS_PODFILE_DIR_PATH}/Podfile.lock",
				"${PODS_ROOT}/Manifest.lock",
			);
			name = "[CP] Check Pods Manifest.lock";
			outputFileListPaths = (
			);
			outputPaths = (
				"$(DERIVED_FILE_DIR)/Pods-QuickStartSwiftDemo-checkManifestLockResult.txt",
			);
			runOnlyForDeploymentPostprocessing = 0;
			shellPath = /bin/sh;
			shellScript = "diff \"${PODS_PODFILE_DIR_PATH}/Podfile.lock\" \"${PODS_ROOT}/Manifest.lock\" > /dev/null\nif [ $? != 0 ] ; then\n    # print error to STDERR\n    echo \"error: The sandbox is not in sync with the Podfile.lock. Run 'pod install' or update your CocoaPods installation.\" >&2\n    exit 1\nfi\n# This output is used by Xcode 'outputs' to avoid re-running this script phase.\necho \"SUCCESS\" > \"${SCRIPT_OUTPUT_FILE_0}\"\n";
			showEnvVarsInLog = 0;
		};
		E6C535CA9AA31482D5F86A18 /* [CP] Embed Pods Frameworks */ = {
			isa = PBXShellScriptBuildPhase;
			buildActionMask = 2147483647;
			files = (
			);
			inputFileListPaths = (
				"${PODS_ROOT}/Target Support Files/Pods-QuickStartSwiftDemo/Pods-QuickStartSwiftDemo-frameworks-${CONFIGURATION}-input-files.xcfilelist",
			);
			name = "[CP] Embed Pods Frameworks";
			outputFileListPaths = (
				"${PODS_ROOT}/Target Support Files/Pods-QuickStartSwiftDemo/Pods-QuickStartSwiftDemo-frameworks-${CONFIGURATION}-output-files.xcfilelist",
			);
			runOnlyForDeploymentPostprocessing = 0;
			shellPath = /bin/sh;
			shellScript = "\"${PODS_ROOT}/Target Support Files/Pods-QuickStartSwiftDemo/Pods-QuickStartSwiftDemo-frameworks.sh\"\n";
			showEnvVarsInLog = 0;
		};
/* End PBXShellScriptBuildPhase section */

/* Begin PBXSourcesBuildPhase section */
		6C0E61992D5E03270006CD41 /* Sources */ = {
			isa = PBXSourcesBuildPhase;
			buildActionMask = 2147483647;
			files = (
				6C0E61A52D5E03270006CD41 /* ViewController.swift in Sources */,
				6C0E61BB2D5E05620006CD41 /* SudGameManager.m in Sources */,
				6C0E61BA2D5E05620006CD41 /* SudGameBaseEventHandler.m in Sources */,
				6C0E61C42D5E08B70006CD41 /* QuickStartSudGameEventHandler.swift in Sources */,
				6C0E61A12D5E03270006CD41 /* AppDelegate.swift in Sources */,
				6C0E61A32D5E03270006CD41 /* SceneDelegate.swift in Sources */,
			);
			runOnlyForDeploymentPostprocessing = 0;
		};
/* End PBXSourcesBuildPhase section */

/* Begin PBXVariantGroup section */
		6C0E61A62D5E03270006CD41 /* Main.storyboard */ = {
			isa = PBXVariantGroup;
			children = (
				6C0E61A72D5E03270006CD41 /* Base */,
			);
			name = Main.storyboard;
			sourceTree = "<group>";
		};
		6C0E61AB2D5E032A0006CD41 /* LaunchScreen.storyboard */ = {
			isa = PBXVariantGroup;
			children = (
				6C0E61AC2D5E032A0006CD41 /* Base */,
			);
			name = LaunchScreen.storyboard;
			sourceTree = "<group>";
		};
/* End PBXVariantGroup section */

/* Begin XCBuildConfiguration section */
		6C0E61AF2D5E032A0006CD41 /* Debug */ = {
			isa = XCBuildConfiguration;
			buildSettings = {
				ALWAYS_SEARCH_USER_PATHS = NO;
				ASSETCATALOG_COMPILER_GENERATE_SWIFT_ASSET_SYMBOL_EXTENSIONS = YES;
				CLANG_ANALYZER_NONNULL = YES;
				CLANG_ANALYZER_NUMBER_OBJECT_CONVERSION = YES_AGGRESSIVE;
				CLANG_CXX_LANGUAGE_STANDARD = "gnu++20";
				CLANG_ENABLE_MODULES = YES;
				CLANG_ENABLE_OBJC_ARC = YES;
				CLANG_ENABLE_OBJC_WEAK = YES;
				CLANG_WARN_BLOCK_CAPTURE_AUTORELEASING = YES;
				CLANG_WARN_BOOL_CONVERSION = YES;
				CLANG_WARN_COMMA = YES;
				CLANG_WARN_CONSTANT_CONVERSION = YES;
				CLANG_WARN_DEPRECATED_OBJC_IMPLEMENTATIONS = YES;
				CLANG_WARN_DIRECT_OBJC_ISA_USAGE = YES_ERROR;
				CLANG_WARN_DOCUMENTATION_COMMENTS = YES;
				CLANG_WARN_EMPTY_BODY = YES;
				CLANG_WARN_ENUM_CONVERSION = YES;
				CLANG_WARN_INFINITE_RECURSION = YES;
				CLANG_WARN_INT_CONVERSION = YES;
				CLANG_WARN_NON_LITERAL_NULL_CONVERSION = YES;
				CLANG_WARN_OBJC_IMPLICIT_RETAIN_SELF = YES;
				CLANG_WARN_OBJC_LITERAL_CONVERSION = YES;
				CLANG_WARN_OBJC_ROOT_CLASS = YES_ERROR;
				CLANG_WARN_QUOTED_INCLUDE_IN_FRAMEWORK_HEADER = YES;
				CLANG_WARN_RANGE_LOOP_ANALYSIS = YES;
				CLANG_WARN_STRICT_PROTOTYPES = YES;
				CLANG_WARN_SUSPICIOUS_MOVE = YES;
				CLANG_WARN_UNGUARDED_AVAILABILITY = YES_AGGRESSIVE;
				CLANG_WARN_UNREACHABLE_CODE = YES;
				CLANG_WARN__DUPLICATE_METHOD_MATCH = YES;
				COPY_PHASE_STRIP = NO;
				DEBUG_INFORMATION_FORMAT = dwarf;
				ENABLE_STRICT_OBJC_MSGSEND = YES;
				ENABLE_TESTABILITY = YES;
				ENABLE_USER_SCRIPT_SANDBOXING = YES;
				GCC_C_LANGUAGE_STANDARD = gnu17;
				GCC_DYNAMIC_NO_PIC = NO;
				GCC_NO_COMMON_BLOCKS = YES;
				GCC_OPTIMIZATION_LEVEL = 0;
				GCC_PREPROCESSOR_DEFINITIONS = (
					"DEBUG=1",
					"$(inherited)",
				);
				GCC_WARN_64_TO_32_BIT_CONVERSION = YES;
				GCC_WARN_ABOUT_RETURN_TYPE = YES_ERROR;
				GCC_WARN_UNDECLARED_SELECTOR = YES;
				GCC_WARN_UNINITIALIZED_AUTOS = YES_AGGRESSIVE;
				GCC_WARN_UNUSED_FUNCTION = YES;
				GCC_WARN_UNUSED_VARIABLE = YES;
				IPHONEOS_DEPLOYMENT_TARGET = 17.5;
				LOCALIZATION_PREFERS_STRING_CATALOGS = YES;
				MTL_ENABLE_DEBUG_INFO = INCLUDE_SOURCE;
				MTL_FAST_MATH = YES;
				ONLY_ACTIVE_ARCH = YES;
				SDKROOT = iphoneos;
				SWIFT_ACTIVE_COMPILATION_CONDITIONS = "DEBUG $(inherited)";
				SWIFT_OPTIMIZATION_LEVEL = "-Onone";
			};
			name = Debug;
		};
		6C0E61B02D5E032A0006CD41 /* Release */ = {
			isa = XCBuildConfiguration;
			buildSettings = {
				ALWAYS_SEARCH_USER_PATHS = NO;
				ASSETCATALOG_COMPILER_GENERATE_SWIFT_ASSET_SYMBOL_EXTENSIONS = YES;
				CLANG_ANALYZER_NONNULL = YES;
				CLANG_ANALYZER_NUMBER_OBJECT_CONVERSION = YES_AGGRESSIVE;
				CLANG_CXX_LANGUAGE_STANDARD = "gnu++20";
				CLANG_ENABLE_MODULES = YES;
				CLANG_ENABLE_OBJC_ARC = YES;
				CLANG_ENABLE_OBJC_WEAK = YES;
				CLANG_WARN_BLOCK_CAPTURE_AUTORELEASING = YES;
				CLANG_WARN_BOOL_CONVERSION = YES;
				CLANG_WARN_COMMA = YES;
				CLANG_WARN_CONSTANT_CONVERSION = YES;
				CLANG_WARN_DEPRECATED_OBJC_IMPLEMENTATIONS = YES;
				CLANG_WARN_DIRECT_OBJC_ISA_USAGE = YES_ERROR;
				CLANG_WARN_DOCUMENTATION_COMMENTS = YES;
				CLANG_WARN_EMPTY_BODY = YES;
				CLANG_WARN_ENUM_CONVERSION = YES;
				CLANG_WARN_INFINITE_RECURSION = YES;
				CLANG_WARN_INT_CONVERSION = YES;
				CLANG_WARN_NON_LITERAL_NULL_CONVERSION = YES;
				CLANG_WARN_OBJC_IMPLICIT_RETAIN_SELF = YES;
				CLANG_WARN_OBJC_LITERAL_CONVERSION = YES;
				CLANG_WARN_OBJC_ROOT_CLASS = YES_ERROR;
				CLANG_WARN_QUOTED_INCLUDE_IN_FRAMEWORK_HEADER = YES;
				CLANG_WARN_RANGE_LOOP_ANALYSIS = YES;
				CLANG_WARN_STRICT_PROTOTYPES = YES;
				CLANG_WARN_SUSPICIOUS_MOVE = YES;
				CLANG_WARN_UNGUARDED_AVAILABILITY = YES_AGGRESSIVE;
				CLANG_WARN_UNREACHABLE_CODE = YES;
				CLANG_WARN__DUPLICATE_METHOD_MATCH = YES;
				COPY_PHASE_STRIP = NO;
				DEBUG_INFORMATION_FORMAT = "dwarf-with-dsym";
				ENABLE_NS_ASSERTIONS = NO;
				ENABLE_STRICT_OBJC_MSGSEND = YES;
				ENABLE_USER_SCRIPT_SANDBOXING = YES;
				GCC_C_LANGUAGE_STANDARD = gnu17;
				GCC_NO_COMMON_BLOCKS = YES;
				GCC_WARN_64_TO_32_BIT_CONVERSION = YES;
				GCC_WARN_ABOUT_RETURN_TYPE = YES_ERROR;
				GCC_WARN_UNDECLARED_SELECTOR = YES;
				GCC_WARN_UNINITIALIZED_AUTOS = YES_AGGRESSIVE;
				GCC_WARN_UNUSED_FUNCTION = YES;
				GCC_WARN_UNUSED_VARIABLE = YES;
				IPHONEOS_DEPLOYMENT_TARGET = 17.5;
				LOCALIZATION_PREFERS_STRING_CATALOGS = YES;
				MTL_ENABLE_DEBUG_INFO = NO;
				MTL_FAST_MATH = YES;
				SDKROOT = iphoneos;
				SWIFT_COMPILATION_MODE = wholemodule;
				VALIDATE_PRODUCT = YES;
			};
			name = Release;
		};
		6C0E61B22D5E032A0006CD41 /* Debug */ = {
			isa = XCBuildConfiguration;
			baseConfigurationReference = 629ABEFD78E0B55BD150A05C /* Pods-QuickStartSwiftDemo.debug.xcconfig */;
			buildSettings = {
				ASSETCATALOG_COMPILER_APPICON_NAME = AppIcon;
				ASSETCATALOG_COMPILER_GLOBAL_ACCENT_COLOR_NAME = AccentColor;
				CODE_SIGN_STYLE = Automatic;
				CURRENT_PROJECT_VERSION = 1;
				DEVELOPMENT_TEAM = P6FVM63RW6;
				ENABLE_USER_SCRIPT_SANDBOXING = NO;
				GENERATE_INFOPLIST_FILE = YES;
				INFOPLIST_FILE = QuickStartSwiftDemo/Info.plist;
				INFOPLIST_KEY_UIApplicationSupportsIndirectInputEvents = YES;
				INFOPLIST_KEY_UILaunchStoryboardName = LaunchScreen;
				INFOPLIST_KEY_UIMainStoryboardFile = Main;
				INFOPLIST_KEY_UISupportedInterfaceOrientations_iPad = "UIInterfaceOrientationPortrait UIInterfaceOrientationPortraitUpsideDown UIInterfaceOrientationLandscapeLeft UIInterfaceOrientationLandscapeRight";
				INFOPLIST_KEY_UISupportedInterfaceOrientations_iPhone = "UIInterfaceOrientationPortrait UIInterfaceOrientationLandscapeLeft UIInterfaceOrientationLandscapeRight";
				LD_RUNPATH_SEARCH_PATHS = (
					"$(inherited)",
					"@executable_path/Frameworks",
				);
				MARKETING_VERSION = 1.0;
				PRODUCT_BUNDLE_IDENTIFIER = tech.sud.mgp.hello;
				PRODUCT_NAME = "$(TARGET_NAME)";
				SWIFT_EMIT_LOC_STRINGS = YES;
				SWIFT_OBJC_BRIDGING_HEADER = "$(SRCROOT)/QuickStartSwiftDemo/QuickStartSwiftDemo-Bridging-Header.h";
				SWIFT_VERSION = 5.0;
				TARGETED_DEVICE_FAMILY = "1,2";
			};
			name = Debug;
		};
		6C0E61B32D5E032A0006CD41 /* Release */ = {
			isa = XCBuildConfiguration;
			baseConfigurationReference = 10B439028A88F408517C2BC8 /* Pods-QuickStartSwiftDemo.release.xcconfig */;
			buildSettings = {
				ASSETCATALOG_COMPILER_APPICON_NAME = AppIcon;
				ASSETCATALOG_COMPILER_GLOBAL_ACCENT_COLOR_NAME = AccentColor;
				CODE_SIGN_STYLE = Automatic;
				CURRENT_PROJECT_VERSION = 1;
				DEVELOPMENT_TEAM = P6FVM63RW6;
				ENABLE_USER_SCRIPT_SANDBOXING = NO;
				GENERATE_INFOPLIST_FILE = YES;
				INFOPLIST_FILE = QuickStartSwiftDemo/Info.plist;
				INFOPLIST_KEY_UIApplicationSupportsIndirectInputEvents = YES;
				INFOPLIST_KEY_UILaunchStoryboardName = LaunchScreen;
				INFOPLIST_KEY_UIMainStoryboardFile = Main;
				INFOPLIST_KEY_UISupportedInterfaceOrientations_iPad = "UIInterfaceOrientationPortrait UIInterfaceOrientationPortraitUpsideDown UIInterfaceOrientationLandscapeLeft UIInterfaceOrientationLandscapeRight";
				INFOPLIST_KEY_UISupportedInterfaceOrientations_iPhone = "UIInterfaceOrientationPortrait UIInterfaceOrientationLandscapeLeft UIInterfaceOrientationLandscapeRight";
				LD_RUNPATH_SEARCH_PATHS = (
					"$(inherited)",
					"@executable_path/Frameworks",
				);
				MARKETING_VERSION = 1.0;
				PRODUCT_BUNDLE_IDENTIFIER = tech.sud.mgp.hello;
				PRODUCT_NAME = "$(TARGET_NAME)";
				SWIFT_EMIT_LOC_STRINGS = YES;
				SWIFT_OBJC_BRIDGING_HEADER = "$(SRCROOT)/QuickStartSwiftDemo/QuickStartSwiftDemo-Bridging-Header.h";
				SWIFT_VERSION = 5.0;
				TARGETED_DEVICE_FAMILY = "1,2";
			};
			name = Release;
		};
/* End XCBuildConfiguration section */

/* Begin XCConfigurationList section */
		6C0E61982D5E03270006CD41 /* Build configuration list for PBXProject "QuickStartSwiftDemo" */ = {
			isa = XCConfigurationList;
			buildConfigurations = (
				6C0E61AF2D5E032A0006CD41 /* Debug */,
				6C0E61B02D5E032A0006CD41 /* Release */,
			);
			defaultConfigurationIsVisible = 0;
			defaultConfigurationName = Release;
		};
		6C0E61B12D5E032A0006CD41 /* Build configuration list for PBXNativeTarget "QuickStartSwiftDemo" */ = {
			isa = XCConfigurationList;
			buildConfigurations = (
				6C0E61B22D5E032A0006CD41 /* Debug */,
				6C0E61B32D5E032A0006CD41 /* Release */,
			);
			defaultConfigurationIsVisible = 0;
			defaultConfigurationName = Release;
		};
/* End XCConfigurationList section */
	};
	rootObject = 6C0E61952D5E03270006CD41 /* Project object */;
}
